// !$*UTF8*$!
{
	archiveVersion = 1;
	classes = {
	};
	objectVersion = 51;
	objects = {

/* Begin PBXBuildFile section */
		3483B3403337F22CCB208EC8 /* Pods_AnimeAppTests.framework in Frameworks */ = {isa = PBXBuildFile; fileRef = 13AA651C2CCCB01BE8B4ECF2 /* Pods_AnimeAppTests.framework */; };
		423596B52638971A0069A3A3 /* SearchViewController.swift in Sources */ = {isa = PBXBuildFile; fileRef = 423596B42638971A0069A3A3 /* SearchViewController.swift */; };
		423596BA26389EED0069A3A3 /* SearchResult.swift in Sources */ = {isa = PBXBuildFile; fileRef = 423596B926389EED0069A3A3 /* SearchResult.swift */; };
		423596BF2638A3730069A3A3 /* SearchResultCell.xib in Resources */ = {isa = PBXBuildFile; fileRef = 423596BE2638A3730069A3A3 /* SearchResultCell.xib */; };
		423596CC2638A9A40069A3A3 /* SearchResultCell.swift in Sources */ = {isa = PBXBuildFile; fileRef = 423596CB2638A9A40069A3A3 /* SearchResultCell.swift */; };
		423596D12638B3C90069A3A3 /* NothingFoundCell.xib in Resources */ = {isa = PBXBuildFile; fileRef = 423596D02638B3C90069A3A3 /* NothingFoundCell.xib */; };
		42382DF225E85ABC00DB8929 /* AppDelegate.swift in Sources */ = {isa = PBXBuildFile; fileRef = 42382DF125E85ABC00DB8929 /* AppDelegate.swift */; };
		42382DF425E85ABC00DB8929 /* SceneDelegate.swift in Sources */ = {isa = PBXBuildFile; fileRef = 42382DF325E85ABC00DB8929 /* SceneDelegate.swift */; };
		42382DF925E85ABC00DB8929 /* Main.storyboard in Resources */ = {isa = PBXBuildFile; fileRef = 42382DF725E85ABC00DB8929 /* Main.storyboard */; };
		42382DFB25E85ABD00DB8929 /* Assets.xcassets in Resources */ = {isa = PBXBuildFile; fileRef = 42382DFA25E85ABD00DB8929 /* Assets.xcassets */; };
		42382DFE25E85ABD00DB8929 /* LaunchScreen.storyboard in Resources */ = {isa = PBXBuildFile; fileRef = 42382DFC25E85ABD00DB8929 /* LaunchScreen.storyboard */; };
		42382E0925E85ABD00DB8929 /* AnimeAppTests.swift in Sources */ = {isa = PBXBuildFile; fileRef = 42382E0825E85ABD00DB8929 /* AnimeAppTests.swift */; };
		42382E1425E85ABD00DB8929 /* AnimeAppUITests.swift in Sources */ = {isa = PBXBuildFile; fileRef = 42382E1325E85ABD00DB8929 /* AnimeAppUITests.swift */; };
		42382E2825E85B9800DB8929 /* AnimesViewController.swift in Sources */ = {isa = PBXBuildFile; fileRef = 42382E2725E85B9800DB8929 /* AnimesViewController.swift */; };
		424A62D22603C7EC00E253A4 /* FavAnimeViewController.swift in Sources */ = {isa = PBXBuildFile; fileRef = 424A62D12603C7EC00E253A4 /* FavAnimeViewController.swift */; };
		424A62D82603DC2A00E253A4 /* MyFav.xcdatamodeld in Sources */ = {isa = PBXBuildFile; fileRef = 424A62D62603DC2A00E253A4 /* MyFav.xcdatamodeld */; };
		424A62DD2603DF1700E253A4 /* FavTableViewCell.swift in Sources */ = {isa = PBXBuildFile; fileRef = 424A62DC2603DF1700E253A4 /* FavTableViewCell.swift */; };
		42A2BC2225EEA44500EE783E /* AnimeCell.swift in Sources */ = {isa = PBXBuildFile; fileRef = 42A2BC2125EEA44500EE783E /* AnimeCell.swift */; };
		42AF60E2260A71E100CCF210 /* CoreDataHelper.swift in Sources */ = {isa = PBXBuildFile; fileRef = 42AF60E1260A71E100CCF210 /* CoreDataHelper.swift */; };
		42B1CA6A260686C700372216 /* Favorite+CoreDataProperties.swift in Sources */ = {isa = PBXBuildFile; fileRef = 42B1CA69260686C700372216 /* Favorite+CoreDataProperties.swift */; };
		42B1CA6F260686CF00372216 /* Favorite+CoreDataClass.swift in Sources */ = {isa = PBXBuildFile; fileRef = 42B1CA6E260686CF00372216 /* Favorite+CoreDataClass.swift */; };
		42B1CA74260689FF00372216 /* Functions.swift in Sources */ = {isa = PBXBuildFile; fileRef = 42B1CA73260689FF00372216 /* Functions.swift */; };
		42B4B67D25F69B3C005D0994 /* AnimeDetailsViewController.swift in Sources */ = {isa = PBXBuildFile; fileRef = 42B4B67C25F69B3C005D0994 /* AnimeDetailsViewController.swift */; };
		42CD72F62603FD7F00E02E8C /* HudView.swift in Sources */ = {isa = PBXBuildFile; fileRef = 42CD72F52603FD7F00E02E8C /* HudView.swift */; };
		42F005F426406326007C8B67 /* AnimeAPI.swift in Sources */ = {isa = PBXBuildFile; fileRef = 42F005F326406326007C8B67 /* AnimeAPI.swift */; };
		42F005F72641C0DE007C8B67 /* TrendingViewController.swift in Sources */ = {isa = PBXBuildFile; fileRef = 42F005F62641C0DE007C8B67 /* TrendingViewController.swift */; };
		42F005F92641C42E007C8B67 /* TrendingCell.swift in Sources */ = {isa = PBXBuildFile; fileRef = 42F005F82641C42E007C8B67 /* TrendingCell.swift */; };
		5776BAE7702050F368B6F9F9 /* Pods_AnimeApp_AnimeAppUITests.framework in Frameworks */ = {isa = PBXBuildFile; fileRef = AE3960E888F9F6D6431EAED9 /* Pods_AnimeApp_AnimeAppUITests.framework */; };
		80E88BEF31DBCC33A85B4D9F /* Pods_AnimeApp.framework in Frameworks */ = {isa = PBXBuildFile; fileRef = 6D182BBBD07B62E93D679663 /* Pods_AnimeApp.framework */; };
/* End PBXBuildFile section */

/* Begin PBXContainerItemProxy section */
		42382E0525E85ABD00DB8929 /* PBXContainerItemProxy */ = {
			isa = PBXContainerItemProxy;
			containerPortal = 42382DE625E85ABC00DB8929 /* Project object */;
			proxyType = 1;
			remoteGlobalIDString = 42382DED25E85ABC00DB8929;
			remoteInfo = AnimeApp;
		};
		42382E1025E85ABD00DB8929 /* PBXContainerItemProxy */ = {
			isa = PBXContainerItemProxy;
			containerPortal = 42382DE625E85ABC00DB8929 /* Project object */;
			proxyType = 1;
			remoteGlobalIDString = 42382DED25E85ABC00DB8929;
			remoteInfo = AnimeApp;
		};
/* End PBXContainerItemProxy section */

/* Begin PBXFileReference section */
		13AA651C2CCCB01BE8B4ECF2 /* Pods_AnimeAppTests.framework */ = {isa = PBXFileReference; explicitFileType = wrapper.framework; includeInIndex = 0; path = Pods_AnimeAppTests.framework; sourceTree = BUILT_PRODUCTS_DIR; };
		3A2BC57AEDD315967FA4529A /* Pods-AnimeApp.debug.xcconfig */ = {isa = PBXFileReference; includeInIndex = 1; lastKnownFileType = text.xcconfig; name = "Pods-AnimeApp.debug.xcconfig"; path = "Target Support Files/Pods-AnimeApp/Pods-AnimeApp.debug.xcconfig"; sourceTree = "<group>"; };
		423596B42638971A0069A3A3 /* SearchViewController.swift */ = {isa = PBXFileReference; lastKnownFileType = sourcecode.swift; path = SearchViewController.swift; sourceTree = "<group>"; };
		423596B926389EED0069A3A3 /* SearchResult.swift */ = {isa = PBXFileReference; lastKnownFileType = sourcecode.swift; path = SearchResult.swift; sourceTree = "<group>"; };
		423596BE2638A3730069A3A3 /* SearchResultCell.xib */ = {isa = PBXFileReference; lastKnownFileType = file.xib; path = SearchResultCell.xib; sourceTree = "<group>"; };
		423596CB2638A9A40069A3A3 /* SearchResultCell.swift */ = {isa = PBXFileReference; lastKnownFileType = sourcecode.swift; path = SearchResultCell.swift; sourceTree = "<group>"; };
		423596D02638B3C90069A3A3 /* NothingFoundCell.xib */ = {isa = PBXFileReference; lastKnownFileType = file.xib; path = NothingFoundCell.xib; sourceTree = "<group>"; };
		42382DEE25E85ABC00DB8929 /* AnimeApp.app */ = {isa = PBXFileReference; explicitFileType = wrapper.application; includeInIndex = 0; path = AnimeApp.app; sourceTree = BUILT_PRODUCTS_DIR; };
		42382DF125E85ABC00DB8929 /* AppDelegate.swift */ = {isa = PBXFileReference; lastKnownFileType = sourcecode.swift; path = AppDelegate.swift; sourceTree = "<group>"; };
		42382DF325E85ABC00DB8929 /* SceneDelegate.swift */ = {isa = PBXFileReference; lastKnownFileType = sourcecode.swift; path = SceneDelegate.swift; sourceTree = "<group>"; };
		42382DF825E85ABC00DB8929 /* Base */ = {isa = PBXFileReference; lastKnownFileType = file.storyboard; name = Base; path = Base.lproj/Main.storyboard; sourceTree = "<group>"; };
		42382DFA25E85ABD00DB8929 /* Assets.xcassets */ = {isa = PBXFileReference; lastKnownFileType = folder.assetcatalog; path = Assets.xcassets; sourceTree = "<group>"; };
		42382DFD25E85ABD00DB8929 /* Base */ = {isa = PBXFileReference; lastKnownFileType = file.storyboard; name = Base; path = Base.lproj/LaunchScreen.storyboard; sourceTree = "<group>"; };
		42382DFF25E85ABD00DB8929 /* Info.plist */ = {isa = PBXFileReference; lastKnownFileType = text.plist.xml; path = Info.plist; sourceTree = "<group>"; };
		42382E0425E85ABD00DB8929 /* AnimeAppTests.xctest */ = {isa = PBXFileReference; explicitFileType = wrapper.cfbundle; includeInIndex = 0; path = AnimeAppTests.xctest; sourceTree = BUILT_PRODUCTS_DIR; };
		42382E0825E85ABD00DB8929 /* AnimeAppTests.swift */ = {isa = PBXFileReference; lastKnownFileType = sourcecode.swift; path = AnimeAppTests.swift; sourceTree = "<group>"; };
		42382E0A25E85ABD00DB8929 /* Info.plist */ = {isa = PBXFileReference; lastKnownFileType = text.plist.xml; path = Info.plist; sourceTree = "<group>"; };
		42382E0F25E85ABD00DB8929 /* AnimeAppUITests.xctest */ = {isa = PBXFileReference; explicitFileType = wrapper.cfbundle; includeInIndex = 0; path = AnimeAppUITests.xctest; sourceTree = BUILT_PRODUCTS_DIR; };
		42382E1325E85ABD00DB8929 /* AnimeAppUITests.swift */ = {isa = PBXFileReference; lastKnownFileType = sourcecode.swift; path = AnimeAppUITests.swift; sourceTree = "<group>"; };
		42382E1525E85ABD00DB8929 /* Info.plist */ = {isa = PBXFileReference; lastKnownFileType = text.plist.xml; path = Info.plist; sourceTree = "<group>"; };
		42382E2725E85B9800DB8929 /* AnimesViewController.swift */ = {isa = PBXFileReference; lastKnownFileType = sourcecode.swift; path = AnimesViewController.swift; sourceTree = "<group>"; };
		424A62D12603C7EC00E253A4 /* FavAnimeViewController.swift */ = {isa = PBXFileReference; lastKnownFileType = sourcecode.swift; path = FavAnimeViewController.swift; sourceTree = "<group>"; };
		424A62D72603DC2A00E253A4 /* MyFav.xcdatamodel */ = {isa = PBXFileReference; lastKnownFileType = wrapper.xcdatamodel; path = MyFav.xcdatamodel; sourceTree = "<group>"; };
		424A62DC2603DF1700E253A4 /* FavTableViewCell.swift */ = {isa = PBXFileReference; lastKnownFileType = sourcecode.swift; path = FavTableViewCell.swift; sourceTree = "<group>"; };
		42A2BC2125EEA44500EE783E /* AnimeCell.swift */ = {isa = PBXFileReference; lastKnownFileType = sourcecode.swift; path = AnimeCell.swift; sourceTree = "<group>"; };
		42AF60E1260A71E100CCF210 /* CoreDataHelper.swift */ = {isa = PBXFileReference; lastKnownFileType = sourcecode.swift; path = CoreDataHelper.swift; sourceTree = "<group>"; };
		42B1CA69260686C700372216 /* Favorite+CoreDataProperties.swift */ = {isa = PBXFileReference; fileEncoding = 4; lastKnownFileType = sourcecode.swift; name = "Favorite+CoreDataProperties.swift"; path = "AnimeApp/Favorite+CoreDataProperties.swift"; sourceTree = "<group>"; };
		42B1CA6E260686CF00372216 /* Favorite+CoreDataClass.swift */ = {isa = PBXFileReference; lastKnownFileType = sourcecode.swift; name = "Favorite+CoreDataClass.swift"; path = "/Users/gabbygonzalez/Documents/AnimeApp/Favorite+CoreDataClass.swift"; sourceTree = "<absolute>"; };
		42B1CA73260689FF00372216 /* Functions.swift */ = {isa = PBXFileReference; lastKnownFileType = sourcecode.swift; path = Functions.swift; sourceTree = "<group>"; };
		42B4B67C25F69B3C005D0994 /* AnimeDetailsViewController.swift */ = {isa = PBXFileReference; lastKnownFileType = sourcecode.swift; path = AnimeDetailsViewController.swift; sourceTree = "<group>"; };
		42CD72F52603FD7F00E02E8C /* HudView.swift */ = {isa = PBXFileReference; lastKnownFileType = sourcecode.swift; path = HudView.swift; sourceTree = "<group>"; };
		42F005F326406326007C8B67 /* AnimeAPI.swift */ = {isa = PBXFileReference; lastKnownFileType = sourcecode.swift; path = AnimeAPI.swift; sourceTree = "<group>"; };
		42F005F62641C0DE007C8B67 /* TrendingViewController.swift */ = {isa = PBXFileReference; lastKnownFileType = sourcecode.swift; path = TrendingViewController.swift; sourceTree = "<group>"; };
		42F005F82641C42E007C8B67 /* TrendingCell.swift */ = {isa = PBXFileReference; lastKnownFileType = sourcecode.swift; path = TrendingCell.swift; sourceTree = "<group>"; };
		6D182BBBD07B62E93D679663 /* Pods_AnimeApp.framework */ = {isa = PBXFileReference; explicitFileType = wrapper.framework; includeInIndex = 0; path = Pods_AnimeApp.framework; sourceTree = BUILT_PRODUCTS_DIR; };
		860DA3EF0B7F009D7E33FC91 /* Pods-AnimeApp-AnimeAppUITests.debug.xcconfig */ = {isa = PBXFileReference; includeInIndex = 1; lastKnownFileType = text.xcconfig; name = "Pods-AnimeApp-AnimeAppUITests.debug.xcconfig"; path = "Target Support Files/Pods-AnimeApp-AnimeAppUITests/Pods-AnimeApp-AnimeAppUITests.debug.xcconfig"; sourceTree = "<group>"; };
		970980E272342FDDDCAB7BDE /* Pods-AnimeApp.release.xcconfig */ = {isa = PBXFileReference; includeInIndex = 1; lastKnownFileType = text.xcconfig; name = "Pods-AnimeApp.release.xcconfig"; path = "Target Support Files/Pods-AnimeApp/Pods-AnimeApp.release.xcconfig"; sourceTree = "<group>"; };
		ADA2C67F3A8FD78BF1275F6E /* Pods-AnimeApp-AnimeAppUITests.release.xcconfig */ = {isa = PBXFileReference; includeInIndex = 1; lastKnownFileType = text.xcconfig; name = "Pods-AnimeApp-AnimeAppUITests.release.xcconfig"; path = "Target Support Files/Pods-AnimeApp-AnimeAppUITests/Pods-AnimeApp-AnimeAppUITests.release.xcconfig"; sourceTree = "<group>"; };
		AE3960E888F9F6D6431EAED9 /* Pods_AnimeApp_AnimeAppUITests.framework */ = {isa = PBXFileReference; explicitFileType = wrapper.framework; includeInIndex = 0; path = Pods_AnimeApp_AnimeAppUITests.framework; sourceTree = BUILT_PRODUCTS_DIR; };
		B14C7BC965D96D9F6EDCB035 /* Pods-AnimeAppTests.release.xcconfig */ = {isa = PBXFileReference; includeInIndex = 1; lastKnownFileType = text.xcconfig; name = "Pods-AnimeAppTests.release.xcconfig"; path = "Target Support Files/Pods-AnimeAppTests/Pods-AnimeAppTests.release.xcconfig"; sourceTree = "<group>"; };
		DAFFF306AAB965A011E31D47 /* Pods-AnimeAppTests.debug.xcconfig */ = {isa = PBXFileReference; includeInIndex = 1; lastKnownFileType = text.xcconfig; name = "Pods-AnimeAppTests.debug.xcconfig"; path = "Target Support Files/Pods-AnimeAppTests/Pods-AnimeAppTests.debug.xcconfig"; sourceTree = "<group>"; };
/* End PBXFileReference section */

/* Begin PBXFrameworksBuildPhase section */
		42382DEB25E85ABC00DB8929 /* Frameworks */ = {
			isa = PBXFrameworksBuildPhase;
			buildActionMask = 2147483647;
			files = (
				80E88BEF31DBCC33A85B4D9F /* Pods_AnimeApp.framework in Frameworks */,
			);
			runOnlyForDeploymentPostprocessing = 0;
		};
		42382E0125E85ABD00DB8929 /* Frameworks */ = {
			isa = PBXFrameworksBuildPhase;
			buildActionMask = 2147483647;
			files = (
				3483B3403337F22CCB208EC8 /* Pods_AnimeAppTests.framework in Frameworks */,
			);
			runOnlyForDeploymentPostprocessing = 0;
		};
		42382E0C25E85ABD00DB8929 /* Frameworks */ = {
			isa = PBXFrameworksBuildPhase;
			buildActionMask = 2147483647;
			files = (
				5776BAE7702050F368B6F9F9 /* Pods_AnimeApp_AnimeAppUITests.framework in Frameworks */,
			);
			runOnlyForDeploymentPostprocessing = 0;
		};
/* End PBXFrameworksBuildPhase section */

/* Begin PBXGroup section */
		42382DE525E85ABC00DB8929 = {
			isa = PBXGroup;
			children = (
				42B1CA6E260686CF00372216 /* Favorite+CoreDataClass.swift */,
				42B1CA69260686C700372216 /* Favorite+CoreDataProperties.swift */,
				42382DF025E85ABC00DB8929 /* AnimeApp */,
				42382E0725E85ABD00DB8929 /* AnimeAppTests */,
				42382E1225E85ABD00DB8929 /* AnimeAppUITests */,
				42382DEF25E85ABC00DB8929 /* Products */,
				8F7CD4AE5396FE83FCA0F8B7 /* Pods */,
				9072D1BC0D9E7F355CAF3942 /* Frameworks */,
			);
			sourceTree = "<group>";
		};
		42382DEF25E85ABC00DB8929 /* Products */ = {
			isa = PBXGroup;
			children = (
				42382DEE25E85ABC00DB8929 /* AnimeApp.app */,
				42382E0425E85ABD00DB8929 /* AnimeAppTests.xctest */,
				42382E0F25E85ABD00DB8929 /* AnimeAppUITests.xctest */,
			);
			name = Products;
			sourceTree = "<group>";
		};
		42382DF025E85ABC00DB8929 /* AnimeApp */ = {
			isa = PBXGroup;
			children = (
				42382DF125E85ABC00DB8929 /* AppDelegate.swift */,
				42382DF325E85ABC00DB8929 /* SceneDelegate.swift */,
				42382DF725E85ABC00DB8929 /* Main.storyboard */,
				42382DFA25E85ABD00DB8929 /* Assets.xcassets */,
				42382DFC25E85ABD00DB8929 /* LaunchScreen.storyboard */,
				42382DFF25E85ABD00DB8929 /* Info.plist */,
				42382E2725E85B9800DB8929 /* AnimesViewController.swift */,
				42A2BC2125EEA44500EE783E /* AnimeCell.swift */,
				42B4B67C25F69B3C005D0994 /* AnimeDetailsViewController.swift */,
				424A62D12603C7EC00E253A4 /* FavAnimeViewController.swift */,
				424A62D62603DC2A00E253A4 /* MyFav.xcdatamodeld */,
				424A62DC2603DF1700E253A4 /* FavTableViewCell.swift */,
				42CD72F52603FD7F00E02E8C /* HudView.swift */,
				42B1CA73260689FF00372216 /* Functions.swift */,
				42AF60E1260A71E100CCF210 /* CoreDataHelper.swift */,
				42F005F52641BFB2007C8B67 /* trending anime */,
				426BEE6A26388F5200279F90 /* Search */,
			);
			path = AnimeApp;
			sourceTree = "<group>";
		};
		42382E0725E85ABD00DB8929 /* AnimeAppTests */ = {
			isa = PBXGroup;
			children = (
				42382E0825E85ABD00DB8929 /* AnimeAppTests.swift */,
				42382E0A25E85ABD00DB8929 /* Info.plist */,
			);
			path = AnimeAppTests;
			sourceTree = "<group>";
		};
		42382E1225E85ABD00DB8929 /* AnimeAppUITests */ = {
			isa = PBXGroup;
			children = (
				42382E1325E85ABD00DB8929 /* AnimeAppUITests.swift */,
				42382E1525E85ABD00DB8929 /* Info.plist */,
			);
			path = AnimeAppUITests;
			sourceTree = "<group>";
		};
		426BEE6A26388F5200279F90 /* Search */ = {
			isa = PBXGroup;
			children = (
				423596B42638971A0069A3A3 /* SearchViewController.swift */,
				423596B926389EED0069A3A3 /* SearchResult.swift */,
				423596BE2638A3730069A3A3 /* SearchResultCell.xib */,
				423596CB2638A9A40069A3A3 /* SearchResultCell.swift */,
				423596D02638B3C90069A3A3 /* NothingFoundCell.xib */,
				42F005F326406326007C8B67 /* AnimeAPI.swift */,
			);
			path = Search;
			sourceTree = "<group>";
		};
		42F005F52641BFB2007C8B67 /* trending anime */ = {
			isa = PBXGroup;
			children = (
				42F005F62641C0DE007C8B67 /* TrendingViewController.swift */,
				42F005F82641C42E007C8B67 /* TrendingCell.swift */,
			);
			path = "trending anime";
			sourceTree = "<group>";
		};
		8F7CD4AE5396FE83FCA0F8B7 /* Pods */ = {
			isa = PBXGroup;
			children = (
				3A2BC57AEDD315967FA4529A /* Pods-AnimeApp.debug.xcconfig */,
				970980E272342FDDDCAB7BDE /* Pods-AnimeApp.release.xcconfig */,
				860DA3EF0B7F009D7E33FC91 /* Pods-AnimeApp-AnimeAppUITests.debug.xcconfig */,
				ADA2C67F3A8FD78BF1275F6E /* Pods-AnimeApp-AnimeAppUITests.release.xcconfig */,
				DAFFF306AAB965A011E31D47 /* Pods-AnimeAppTests.debug.xcconfig */,
				B14C7BC965D96D9F6EDCB035 /* Pods-AnimeAppTests.release.xcconfig */,
			);
			path = Pods;
			sourceTree = "<group>";
		};
		9072D1BC0D9E7F355CAF3942 /* Frameworks */ = {
			isa = PBXGroup;
			children = (
				6D182BBBD07B62E93D679663 /* Pods_AnimeApp.framework */,
				AE3960E888F9F6D6431EAED9 /* Pods_AnimeApp_AnimeAppUITests.framework */,
				13AA651C2CCCB01BE8B4ECF2 /* Pods_AnimeAppTests.framework */,
			);
			name = Frameworks;
			sourceTree = "<group>";
		};
/* End PBXGroup section */

/* Begin PBXNativeTarget section */
		42382DED25E85ABC00DB8929 /* AnimeApp */ = {
			isa = PBXNativeTarget;
			buildConfigurationList = 42382E1825E85ABD00DB8929 /* Build configuration list for PBXNativeTarget "AnimeApp" */;
			buildPhases = (
				FAB4255059A401810F86B371 /* [CP] Check Pods Manifest.lock */,
				42382DEA25E85ABC00DB8929 /* Sources */,
				42382DEB25E85ABC00DB8929 /* Frameworks */,
				42382DEC25E85ABC00DB8929 /* Resources */,
				19C9CC147284929E6823418F /* [CP] Embed Pods Frameworks */,
			);
			buildRules = (
			);
			dependencies = (
			);
			name = AnimeApp;
			productName = AnimeApp;
			productReference = 42382DEE25E85ABC00DB8929 /* AnimeApp.app */;
			productType = "com.apple.product-type.application";
		};
		42382E0325E85ABD00DB8929 /* AnimeAppTests */ = {
			isa = PBXNativeTarget;
			buildConfigurationList = 42382E1B25E85ABD00DB8929 /* Build configuration list for PBXNativeTarget "AnimeAppTests" */;
			buildPhases = (
				2EBC6526B43E104FEF8B730D /* [CP] Check Pods Manifest.lock */,
				42382E0025E85ABD00DB8929 /* Sources */,
				42382E0125E85ABD00DB8929 /* Frameworks */,
				42382E0225E85ABD00DB8929 /* Resources */,
			);
			buildRules = (
			);
			dependencies = (
				42382E0625E85ABD00DB8929 /* PBXTargetDependency */,
			);
			name = AnimeAppTests;
			productName = AnimeAppTests;
			productReference = 42382E0425E85ABD00DB8929 /* AnimeAppTests.xctest */;
			productType = "com.apple.product-type.bundle.unit-test";
		};
		42382E0E25E85ABD00DB8929 /* AnimeAppUITests */ = {
			isa = PBXNativeTarget;
			buildConfigurationList = 42382E1E25E85ABD00DB8929 /* Build configuration list for PBXNativeTarget "AnimeAppUITests" */;
			buildPhases = (
				C44AC17AF7F58D308B68BE43 /* [CP] Check Pods Manifest.lock */,
				42382E0B25E85ABD00DB8929 /* Sources */,
				42382E0C25E85ABD00DB8929 /* Frameworks */,
				42382E0D25E85ABD00DB8929 /* Resources */,
				F6A76E2ACD9A23101B9238EC /* [CP] Embed Pods Frameworks */,
			);
			buildRules = (
			);
			dependencies = (
				42382E1125E85ABD00DB8929 /* PBXTargetDependency */,
			);
			name = AnimeAppUITests;
			productName = AnimeAppUITests;
			productReference = 42382E0F25E85ABD00DB8929 /* AnimeAppUITests.xctest */;
			productType = "com.apple.product-type.bundle.ui-testing";
		};
/* End PBXNativeTarget section */

/* Begin PBXProject section */
		42382DE625E85ABC00DB8929 /* Project object */ = {
			isa = PBXProject;
			attributes = {
				LastSwiftUpdateCheck = 1240;
				LastUpgradeCheck = 1240;
				TargetAttributes = {
					42382DED25E85ABC00DB8929 = {
						CreatedOnToolsVersion = 12.4;
					};
					42382E0325E85ABD00DB8929 = {
						CreatedOnToolsVersion = 12.4;
						TestTargetID = 42382DED25E85ABC00DB8929;
					};
					42382E0E25E85ABD00DB8929 = {
						CreatedOnToolsVersion = 12.4;
						TestTargetID = 42382DED25E85ABC00DB8929;
					};
				};
			};
			buildConfigurationList = 42382DE925E85ABC00DB8929 /* Build configuration list for PBXProject "AnimeApp" */;
			compatibilityVersion = "Xcode 9.3";
			developmentRegion = en;
			hasScannedForEncodings = 0;
			knownRegions = (
				en,
				Base,
			);
			mainGroup = 42382DE525E85ABC00DB8929;
			productRefGroup = 42382DEF25E85ABC00DB8929 /* Products */;
			projectDirPath = "";
			projectRoot = "";
			targets = (
				42382DED25E85ABC00DB8929 /* AnimeApp */,
				42382E0325E85ABD00DB8929 /* AnimeAppTests */,
				42382E0E25E85ABD00DB8929 /* AnimeAppUITests */,
			);
		};
/* End PBXProject section */

/* Begin PBXResourcesBuildPhase section */
		42382DEC25E85ABC00DB8929 /* Resources */ = {
			isa = PBXResourcesBuildPhase;
			buildActionMask = 2147483647;
			files = (
				42382DFE25E85ABD00DB8929 /* LaunchScreen.storyboard in Resources */,
				42382DFB25E85ABD00DB8929 /* Assets.xcassets in Resources */,
				423596BF2638A3730069A3A3 /* SearchResultCell.xib in Resources */,
				423596D12638B3C90069A3A3 /* NothingFoundCell.xib in Resources */,
				42382DF925E85ABC00DB8929 /* Main.storyboard in Resources */,
			);
			runOnlyForDeploymentPostprocessing = 0;
		};
		42382E0225E85ABD00DB8929 /* Resources */ = {
			isa = PBXResourcesBuildPhase;
			buildActionMask = 2147483647;
			files = (
			);
			runOnlyForDeploymentPostprocessing = 0;
		};
		42382E0D25E85ABD00DB8929 /* Resources */ = {
			isa = PBXResourcesBuildPhase;
			buildActionMask = 2147483647;
			files = (
			);
			runOnlyForDeploymentPostprocessing = 0;
		};
/* End PBXResourcesBuildPhase section */

/* Begin PBXShellScriptBuildPhase section */
		19C9CC147284929E6823418F /* [CP] Embed Pods Frameworks */ = {
			isa = PBXShellScriptBuildPhase;
			buildActionMask = 2147483647;
			files = (
			);
			inputFileListPaths = (
				"${PODS_ROOT}/Target Support Files/Pods-AnimeApp/Pods-AnimeApp-frameworks-${CONFIGURATION}-input-files.xcfilelist",
			);
			name = "[CP] Embed Pods Frameworks";
			outputFileListPaths = (
				"${PODS_ROOT}/Target Support Files/Pods-AnimeApp/Pods-AnimeApp-frameworks-${CONFIGURATION}-output-files.xcfilelist",
			);
			runOnlyForDeploymentPostprocessing = 0;
			shellPath = /bin/sh;
			shellScript = "\"${PODS_ROOT}/Target Support Files/Pods-AnimeApp/Pods-AnimeApp-frameworks.sh\"\n";
			showEnvVarsInLog = 0;
		};
		2EBC6526B43E104FEF8B730D /* [CP] Check Pods Manifest.lock */ = {
			isa = PBXShellScriptBuildPhase;
			buildActionMask = 2147483647;
			files = (
			);
			inputFileListPaths = (
			);
			inputPaths = (
				"${PODS_PODFILE_DIR_PATH}/Podfile.lock",
				"${PODS_ROOT}/Manifest.lock",
			);
			name = "[CP] Check Pods Manifest.lock";
			outputFileListPaths = (
			);
			outputPaths = (
				"$(DERIVED_FILE_DIR)/Pods-AnimeAppTests-checkManifestLockResult.txt",
			);
			runOnlyForDeploymentPostprocessing = 0;
			shellPath = /bin/sh;
			shellScript = "diff \"${PODS_PODFILE_DIR_PATH}/Podfile.lock\" \"${PODS_ROOT}/Manifest.lock\" > /dev/null\nif [ $? != 0 ] ; then\n    # print error to STDERR\n    echo \"error: The sandbox is not in sync with the Podfile.lock. Run 'pod install' or update your CocoaPods installation.\" >&2\n    exit 1\nfi\n# This output is used by Xcode 'outputs' to avoid re-running this script phase.\necho \"SUCCESS\" > \"${SCRIPT_OUTPUT_FILE_0}\"\n";
			showEnvVarsInLog = 0;
		};
		C44AC17AF7F58D308B68BE43 /* [CP] Check Pods Manifest.lock */ = {
			isa = PBXShellScriptBuildPhase;
			buildActionMask = 2147483647;
			files = (
			);
			inputFileListPaths = (
			);
			inputPaths = (
				"${PODS_PODFILE_DIR_PATH}/Podfile.lock",
				"${PODS_ROOT}/Manifest.lock",
			);
			name = "[CP] Check Pods Manifest.lock";
			outputFileListPaths = (
			);
			outputPaths = (
				"$(DERIVED_FILE_DIR)/Pods-AnimeApp-AnimeAppUITests-checkManifestLockResult.txt",
			);
			runOnlyForDeploymentPostprocessing = 0;
			shellPath = /bin/sh;
			shellScript = "diff \"${PODS_PODFILE_DIR_PATH}/Podfile.lock\" \"${PODS_ROOT}/Manifest.lock\" > /dev/null\nif [ $? != 0 ] ; then\n    # print error to STDERR\n    echo \"error: The sandbox is not in sync with the Podfile.lock. Run 'pod install' or update your CocoaPods installation.\" >&2\n    exit 1\nfi\n# This output is used by Xcode 'outputs' to avoid re-running this script phase.\necho \"SUCCESS\" > \"${SCRIPT_OUTPUT_FILE_0}\"\n";
			showEnvVarsInLog = 0;
		};
		F6A76E2ACD9A23101B9238EC /* [CP] Embed Pods Frameworks */ = {
			isa = PBXShellScriptBuildPhase;
			buildActionMask = 2147483647;
			files = (
			);
			inputFileListPaths = (
				"${PODS_ROOT}/Target Support Files/Pods-AnimeApp-AnimeAppUITests/Pods-AnimeApp-AnimeAppUITests-frameworks-${CONFIGURATION}-input-files.xcfilelist",
			);
			name = "[CP] Embed Pods Frameworks";
			outputFileListPaths = (
				"${PODS_ROOT}/Target Support Files/Pods-AnimeApp-AnimeAppUITests/Pods-AnimeApp-AnimeAppUITests-frameworks-${CONFIGURATION}-output-files.xcfilelist",
			);
			runOnlyForDeploymentPostprocessing = 0;
			shellPath = /bin/sh;
			shellScript = "\"${PODS_ROOT}/Target Support Files/Pods-AnimeApp-AnimeAppUITests/Pods-AnimeApp-AnimeAppUITests-frameworks.sh\"\n";
			showEnvVarsInLog = 0;
		};
		FAB4255059A401810F86B371 /* [CP] Check Pods Manifest.lock */ = {
			isa = PBXShellScriptBuildPhase;
			buildActionMask = 2147483647;
			files = (
			);
			inputFileListPaths = (
			);
			inputPaths = (
				"${PODS_PODFILE_DIR_PATH}/Podfile.lock",
				"${PODS_ROOT}/Manifest.lock",
			);
			name = "[CP] Check Pods Manifest.lock";
			outputFileListPaths = (
			);
			outputPaths = (
				"$(DERIVED_FILE_DIR)/Pods-AnimeApp-checkManifestLockResult.txt",
			);
			runOnlyForDeploymentPostprocessing = 0;
			shellPath = /bin/sh;
			shellScript = "diff \"${PODS_PODFILE_DIR_PATH}/Podfile.lock\" \"${PODS_ROOT}/Manifest.lock\" > /dev/null\nif [ $? != 0 ] ; then\n    # print error to STDERR\n    echo \"error: The sandbox is not in sync with the Podfile.lock. Run 'pod install' or update your CocoaPods installation.\" >&2\n    exit 1\nfi\n# This output is used by Xcode 'outputs' to avoid re-running this script phase.\necho \"SUCCESS\" > \"${SCRIPT_OUTPUT_FILE_0}\"\n";
			showEnvVarsInLog = 0;
		};
/* End PBXShellScriptBuildPhase section */

/* Begin PBXSourcesBuildPhase section */
		42382DEA25E85ABC00DB8929 /* Sources */ = {
			isa = PBXSourcesBuildPhase;
			buildActionMask = 2147483647;
			files = (
				424A62D82603DC2A00E253A4 /* MyFav.xcdatamodeld in Sources */,
				42B1CA6A260686C700372216 /* Favorite+CoreDataProperties.swift in Sources */,
				424A62DD2603DF1700E253A4 /* FavTableViewCell.swift in Sources */,
				42A2BC2225EEA44500EE783E /* AnimeCell.swift in Sources */,
				42B1CA6F260686CF00372216 /* Favorite+CoreDataClass.swift in Sources */,
				42382E2825E85B9800DB8929 /* AnimesViewController.swift in Sources */,
				42F005F92641C42E007C8B67 /* TrendingCell.swift in Sources */,
				423596CC2638A9A40069A3A3 /* SearchResultCell.swift in Sources */,
				42B4B67D25F69B3C005D0994 /* AnimeDetailsViewController.swift in Sources */,
				423596BA26389EED0069A3A3 /* SearchResult.swift in Sources */,
				42382DF225E85ABC00DB8929 /* AppDelegate.swift in Sources */,
				423596B52638971A0069A3A3 /* SearchViewController.swift in Sources */,
				42AF60E2260A71E100CCF210 /* CoreDataHelper.swift in Sources */,
				42382DF425E85ABC00DB8929 /* SceneDelegate.swift in Sources */,
				424A62D22603C7EC00E253A4 /* FavAnimeViewController.swift in Sources */,
				42CD72F62603FD7F00E02E8C /* HudView.swift in Sources */,
				42B1CA74260689FF00372216 /* Functions.swift in Sources */,
				42F005F426406326007C8B67 /* AnimeAPI.swift in Sources */,
				42F005F72641C0DE007C8B67 /* TrendingViewController.swift in Sources */,
			);
			runOnlyForDeploymentPostprocessing = 0;
		};
		42382E0025E85ABD00DB8929 /* Sources */ = {
			isa = PBXSourcesBuildPhase;
			buildActionMask = 2147483647;
			files = (
				42382E0925E85ABD00DB8929 /* AnimeAppTests.swift in Sources */,
			);
			runOnlyForDeploymentPostprocessing = 0;
		};
		42382E0B25E85ABD00DB8929 /* Sources */ = {
			isa = PBXSourcesBuildPhase;
			buildActionMask = 2147483647;
			files = (
				42382E1425E85ABD00DB8929 /* AnimeAppUITests.swift in Sources */,
			);
			runOnlyForDeploymentPostprocessing = 0;
		};
/* End PBXSourcesBuildPhase section */

/* Begin PBXTargetDependency section */
		42382E0625E85ABD00DB8929 /* PBXTargetDependency */ = {
			isa = PBXTargetDependency;
			target = 42382DED25E85ABC00DB8929 /* AnimeApp */;
			targetProxy = 42382E0525E85ABD00DB8929 /* PBXContainerItemProxy */;
		};
		42382E1125E85ABD00DB8929 /* PBXTargetDependency */ = {
			isa = PBXTargetDependency;
			target = 42382DED25E85ABC00DB8929 /* AnimeApp */;
			targetProxy = 42382E1025E85ABD00DB8929 /* PBXContainerItemProxy */;
		};
/* End PBXTargetDependency section */

/* Begin PBXVariantGroup section */
		42382DF725E85ABC00DB8929 /* Main.storyboard */ = {
			isa = PBXVariantGroup;
			children = (
				42382DF825E85ABC00DB8929 /* Base */,
			);
			name = Main.storyboard;
			sourceTree = "<group>";
		};
		42382DFC25E85ABD00DB8929 /* LaunchScreen.storyboard */ = {
			isa = PBXVariantGroup;
			children = (
				42382DFD25E85ABD00DB8929 /* Base */,
			);
			name = LaunchScreen.storyboard;
			sourceTree = "<group>";
		};
/* End PBXVariantGroup section */

/* Begin XCBuildConfiguration section */
		42382E1625E85ABD00DB8929 /* Debug */ = {
			isa = XCBuildConfiguration;
			buildSettings = {
				ALWAYS_SEARCH_USER_PATHS = NO;
				CLANG_ANALYZER_NONNULL = YES;
				CLANG_ANALYZER_NUMBER_OBJECT_CONVERSION = YES_AGGRESSIVE;
				CLANG_CXX_LANGUAGE_STANDARD = "gnu++14";
				CLANG_CXX_LIBRARY = "libc++";
				CLANG_ENABLE_MODULES = YES;
				CLANG_ENABLE_OBJC_ARC = YES;
				CLANG_ENABLE_OBJC_WEAK = YES;
				CLANG_WARN_BLOCK_CAPTURE_AUTORELEASING = YES;
				CLANG_WARN_BOOL_CONVERSION = YES;
				CLANG_WARN_COMMA = YES;
				CLANG_WARN_CONSTANT_CONVERSION = YES;
				CLANG_WARN_DEPRECATED_OBJC_IMPLEMENTATIONS = YES;
				CLANG_WARN_DIRECT_OBJC_ISA_USAGE = YES_ERROR;
				CLANG_WARN_DOCUMENTATION_COMMENTS = YES;
				CLANG_WARN_EMPTY_BODY = YES;
				CLANG_WARN_ENUM_CONVERSION = YES;
				CLANG_WARN_INFINITE_RECURSION = YES;
				CLANG_WARN_INT_CONVERSION = YES;
				CLANG_WARN_NON_LITERAL_NULL_CONVERSION = YES;
				CLANG_WARN_OBJC_IMPLICIT_RETAIN_SELF = YES;
				CLANG_WARN_OBJC_LITERAL_CONVERSION = YES;
				CLANG_WARN_OBJC_ROOT_CLASS = YES_ERROR;
				CLANG_WARN_QUOTED_INCLUDE_IN_FRAMEWORK_HEADER = YES;
				CLANG_WARN_RANGE_LOOP_ANALYSIS = YES;
				CLANG_WARN_STRICT_PROTOTYPES = YES;
				CLANG_WARN_SUSPICIOUS_MOVE = YES;
				CLANG_WARN_UNGUARDED_AVAILABILITY = YES_AGGRESSIVE;
				CLANG_WARN_UNREACHABLE_CODE = YES;
				CLANG_WARN__DUPLICATE_METHOD_MATCH = YES;
				COPY_PHASE_STRIP = NO;
				DEBUG_INFORMATION_FORMAT = dwarf;
				ENABLE_STRICT_OBJC_MSGSEND = YES;
				ENABLE_TESTABILITY = YES;
				GCC_C_LANGUAGE_STANDARD = gnu11;
				GCC_DYNAMIC_NO_PIC = NO;
				GCC_NO_COMMON_BLOCKS = YES;
				GCC_OPTIMIZATION_LEVEL = 0;
				GCC_PREPROCESSOR_DEFINITIONS = (
					"DEBUG=1",
					"$(inherited)",
				);
				GCC_WARN_64_TO_32_BIT_CONVERSION = YES;
				GCC_WARN_ABOUT_RETURN_TYPE = YES_ERROR;
				GCC_WARN_UNDECLARED_SELECTOR = YES;
				GCC_WARN_UNINITIALIZED_AUTOS = YES_AGGRESSIVE;
				GCC_WARN_UNUSED_FUNCTION = YES;
				GCC_WARN_UNUSED_VARIABLE = YES;
				IPHONEOS_DEPLOYMENT_TARGET = 14.4;
				MTL_ENABLE_DEBUG_INFO = INCLUDE_SOURCE;
				MTL_FAST_MATH = YES;
				ONLY_ACTIVE_ARCH = YES;
				SDKROOT = iphoneos;
				SWIFT_ACTIVE_COMPILATION_CONDITIONS = DEBUG;
				SWIFT_OPTIMIZATION_LEVEL = "-Onone";
			};
			name = Debug;
		};
		42382E1725E85ABD00DB8929 /* Release */ = {
			isa = XCBuildConfiguration;
			buildSettings = {
				ALWAYS_SEARCH_USER_PATHS = NO;
				CLANG_ANALYZER_NONNULL = YES;
				CLANG_ANALYZER_NUMBER_OBJECT_CONVERSION = YES_AGGRESSIVE;
				CLANG_CXX_LANGUAGE_STANDARD = "gnu++14";
				CLANG_CXX_LIBRARY = "libc++";
				CLANG_ENABLE_MODULES = YES;
				CLANG_ENABLE_OBJC_ARC = YES;
				CLANG_ENABLE_OBJC_WEAK = YES;
				CLANG_WARN_BLOCK_CAPTURE_AUTORELEASING = YES;
				CLANG_WARN_BOOL_CONVERSION = YES;
				CLANG_WARN_COMMA = YES;
				CLANG_WARN_CONSTANT_CONVERSION = YES;
				CLANG_WARN_DEPRECATED_OBJC_IMPLEMENTATIONS = YES;
				CLANG_WARN_DIRECT_OBJC_ISA_USAGE = YES_ERROR;
				CLANG_WARN_DOCUMENTATION_COMMENTS = YES;
				CLANG_WARN_EMPTY_BODY = YES;
				CLANG_WARN_ENUM_CONVERSION = YES;
				CLANG_WARN_INFINITE_RECURSION = YES;
				CLANG_WARN_INT_CONVERSION = YES;
				CLANG_WARN_NON_LITERAL_NULL_CONVERSION = YES;
				CLANG_WARN_OBJC_IMPLICIT_RETAIN_SELF = YES;
				CLANG_WARN_OBJC_LITERAL_CONVERSION = YES;
				CLANG_WARN_OBJC_ROOT_CLASS = YES_ERROR;
				CLANG_WARN_QUOTED_INCLUDE_IN_FRAMEWORK_HEADER = YES;
				CLANG_WARN_RANGE_LOOP_ANALYSIS = YES;
				CLANG_WARN_STRICT_PROTOTYPES = YES;
				CLANG_WARN_SUSPICIOUS_MOVE = YES;
				CLANG_WARN_UNGUARDED_AVAILABILITY = YES_AGGRESSIVE;
				CLANG_WARN_UNREACHABLE_CODE = YES;
				CLANG_WARN__DUPLICATE_METHOD_MATCH = YES;
				COPY_PHASE_STRIP = NO;
				DEBUG_INFORMATION_FORMAT = "dwarf-with-dsym";
				ENABLE_NS_ASSERTIONS = NO;
				ENABLE_STRICT_OBJC_MSGSEND = YES;
				GCC_C_LANGUAGE_STANDARD = gnu11;
				GCC_NO_COMMON_BLOCKS = YES;
				GCC_WARN_64_TO_32_BIT_CONVERSION = YES;
				GCC_WARN_ABOUT_RETURN_TYPE = YES_ERROR;
				GCC_WARN_UNDECLARED_SELECTOR = YES;
				GCC_WARN_UNINITIALIZED_AUTOS = YES_AGGRESSIVE;
				GCC_WARN_UNUSED_FUNCTION = YES;
				GCC_WARN_UNUSED_VARIABLE = YES;
				IPHONEOS_DEPLOYMENT_TARGET = 14.4;
				MTL_ENABLE_DEBUG_INFO = NO;
				MTL_FAST_MATH = YES;
				SDKROOT = iphoneos;
				SWIFT_COMPILATION_MODE = wholemodule;
				SWIFT_OPTIMIZATION_LEVEL = "-O";
				VALIDATE_PRODUCT = YES;
			};
			name = Release;
		};
		42382E1925E85ABD00DB8929 /* Debug */ = {
			isa = XCBuildConfiguration;
			baseConfigurationReference = 3A2BC57AEDD315967FA4529A /* Pods-AnimeApp.debug.xcconfig */;
			buildSettings = {
				ASSETCATALOG_COMPILER_APPICON_NAME = AppIcon;
				ASSETCATALOG_COMPILER_GLOBAL_ACCENT_COLOR_NAME = AccentColor;
				CODE_SIGN_STYLE = Automatic;
				INFOPLIST_FILE = AnimeApp/Info.plist;
				LD_RUNPATH_SEARCH_PATHS = (
					"$(inherited)",
					"@executable_path/Frameworks",
				);
				PRODUCT_BUNDLE_IDENTIFIER = Gabby.AnimeApp;
				PRODUCT_NAME = "$(TARGET_NAME)";
				SWIFT_VERSION = 5.0;
				TARGETED_DEVICE_FAMILY = "1,2";
			};
			name = Debug;
		};
		42382E1A25E85ABD00DB8929 /* Release */ = {
			isa = XCBuildConfiguration;
			baseConfigurationReference = 970980E272342FDDDCAB7BDE /* Pods-AnimeApp.release.xcconfig */;
			buildSettings = {
				ASSETCATALOG_COMPILER_APPICON_NAME = AppIcon;
				ASSETCATALOG_COMPILER_GLOBAL_ACCENT_COLOR_NAME = AccentColor;
				CODE_SIGN_STYLE = Automatic;
				INFOPLIST_FILE = AnimeApp/Info.plist;
				LD_RUNPATH_SEARCH_PATHS = (
					"$(inherited)",
					"@executable_path/Frameworks",
				);
				PRODUCT_BUNDLE_IDENTIFIER = Gabby.AnimeApp;
				PRODUCT_NAME = "$(TARGET_NAME)";
				SWIFT_VERSION = 5.0;
				TARGETED_DEVICE_FAMILY = "1,2";
			};
			name = Release;
		};
		42382E1C25E85ABD00DB8929 /* Debug */ = {
			isa = XCBuildConfiguration;
			baseConfigurationReference = DAFFF306AAB965A011E31D47 /* Pods-AnimeAppTests.debug.xcconfig */;
			buildSettings = {
				ALWAYS_EMBED_SWIFT_STANDARD_LIBRARIES = YES;
				BUNDLE_LOADER = "$(TEST_HOST)";
				CODE_SIGN_STYLE = Automatic;
				INFOPLIST_FILE = AnimeAppTests/Info.plist;
				IPHONEOS_DEPLOYMENT_TARGET = 14.4;
				LD_RUNPATH_SEARCH_PATHS = (
					"$(inherited)",
					"@executable_path/Frameworks",
					"@loader_path/Frameworks",
				);
				PRODUCT_BUNDLE_IDENTIFIER = Gabby.AnimeAppTests;
				PRODUCT_NAME = "$(TARGET_NAME)";
				SWIFT_VERSION = 5.0;
				TARGETED_DEVICE_FAMILY = "1,2";
				TEST_HOST = "$(BUILT_PRODUCTS_DIR)/AnimeApp.app/AnimeApp";
			};
			name = Debug;
		};
		42382E1D25E85ABD00DB8929 /* Release */ = {
			isa = XCBuildConfiguration;
			baseConfigurationReference = B14C7BC965D96D9F6EDCB035 /* Pods-AnimeAppTests.release.xcconfig */;
			buildSettings = {
				ALWAYS_EMBED_SWIFT_STANDARD_LIBRARIES = YES;
				BUNDLE_LOADER = "$(TEST_HOST)";
				CODE_SIGN_STYLE = Automatic;
				INFOPLIST_FILE = AnimeAppTests/Info.plist;
				IPHONEOS_DEPLOYMENT_TARGET = 14.4;
				LD_RUNPATH_SEARCH_PATHS = (
					"$(inherited)",
					"@executable_path/Frameworks",
					"@loader_path/Frameworks",
				);
				PRODUCT_BUNDLE_IDENTIFIER = Gabby.AnimeAppTests;
				PRODUCT_NAME = "$(TARGET_NAME)";
				SWIFT_VERSION = 5.0;
				TARGETED_DEVICE_FAMILY = "1,2";
				TEST_HOST = "$(BUILT_PRODUCTS_DIR)/AnimeApp.app/AnimeApp";
			};
			name = Release;
		};
		42382E1F25E85ABD00DB8929 /* Debug */ = {
			isa = XCBuildConfiguration;
			baseConfigurationReference = 860DA3EF0B7F009D7E33FC91 /* Pods-AnimeApp-AnimeAppUITests.debug.xcconfig */;
			buildSettings = {
				ALWAYS_EMBED_SWIFT_STANDARD_LIBRARIES = YES;
				CODE_SIGN_STYLE = Automatic;
				INFOPLIST_FILE = AnimeAppUITests/Info.plist;
				LD_RUNPATH_SEARCH_PATHS = (
					"$(inherited)",
					"@executable_path/Frameworks",
					"@loader_path/Frameworks",
				);
				PRODUCT_BUNDLE_IDENTIFIER = Gabby.AnimeAppUITests;
				PRODUCT_NAME = "$(TARGET_NAME)";
				SWIFT_VERSION = 5.0;
				TARGETED_DEVICE_FAMILY = "1,2";
				TEST_TARGET_NAME = AnimeApp;
			};
			name = Debug;
		};
		42382E2025E85ABD00DB8929 /* Release */ = {
			isa = XCBuildConfiguration;
			baseConfigurationReference = ADA2C67F3A8FD78BF1275F6E /* Pods-AnimeApp-AnimeAppUITests.release.xcconfig */;
			buildSettings = {
				ALWAYS_EMBED_SWIFT_STANDARD_LIBRARIES = YES;
				CODE_SIGN_STYLE = Automatic;
				INFOPLIST_FILE = AnimeAppUITests/Info.plist;
				LD_RUNPATH_SEARCH_PATHS = (
					"$(inherited)",
					"@executable_path/Frameworks",
					"@loader_path/Frameworks",
				);
				PRODUCT_BUNDLE_IDENTIFIER = Gabby.AnimeAppUITests;
				PRODUCT_NAME = "$(TARGET_NAME)";
				SWIFT_VERSION = 5.0;
				TARGETED_DEVICE_FAMILY = "1,2";
				TEST_TARGET_NAME = AnimeApp;
			};
			name = Release;
		};
/* End XCBuildConfiguration section */

/* Begin XCConfigurationList section */
		42382DE925E85ABC00DB8929 /* Build configuration list for PBXProject "AnimeApp" */ = {
			isa = XCConfigurationList;
			buildConfigurations = (
				42382E1625E85ABD00DB8929 /* Debug */,
				42382E1725E85ABD00DB8929 /* Release */,
			);
			defaultConfigurationIsVisible = 0;
			defaultConfigurationName = Release;
		};
		42382E1825E85ABD00DB8929 /* Build configuration list for PBXNativeTarget "AnimeApp" */ = {
			isa = XCConfigurationList;
			buildConfigurations = (
				42382E1925E85ABD00DB8929 /* Debug */,
				42382E1A25E85ABD00DB8929 /* Release */,
			);
			defaultConfigurationIsVisible = 0;
			defaultConfigurationName = Release;
		};
		42382E1B25E85ABD00DB8929 /* Build configuration list for PBXNativeTarget "AnimeAppTests" */ = {
			isa = XCConfigurationList;
			buildConfigurations = (
				42382E1C25E85ABD00DB8929 /* Debug */,
				42382E1D25E85ABD00DB8929 /* Release */,
			);
			defaultConfigurationIsVisible = 0;
			defaultConfigurationName = Release;
		};
		42382E1E25E85ABD00DB8929 /* Build configuration list for PBXNativeTarget "AnimeAppUITests" */ = {
			isa = XCConfigurationList;
			buildConfigurations = (
				42382E1F25E85ABD00DB8929 /* Debug */,
				42382E2025E85ABD00DB8929 /* Release */,
			);
			defaultConfigurationIsVisible = 0;
			defaultConfigurationName = Release;
		};
/* End XCConfigurationList section */

/* Begin XCVersionGroup section */
		424A62D62603DC2A00E253A4 /* MyFav.xcdatamodeld */ = {
			isa = XCVersionGroup;
			children = (
				424A62D72603DC2A00E253A4 /* MyFav.xcdatamodel */,
			);
			currentVersion = 424A62D72603DC2A00E253A4 /* MyFav.xcdatamodel */;
			path = MyFav.xcdatamodeld;
			sourceTree = "<group>";
			versionGroupType = wrapper.xcdatamodel;
		};
/* End XCVersionGroup section */
	};
	rootObject = 42382DE625E85ABC00DB8929 /* Project object */;
}
